
Microsoft Visual Studio Solution File, Format Version 12.00
# Visual Studio 15
VisualStudioVersion = 15.0.28307.271
MinimumVisualStudioVersion = 10.0.40219.1
Project("{9A19103F-16F7-4668-BE54-9A1E7A4F7556}") = "LibSass.NET", "LibSass.NET\LibSass.NET.csproj", "{4AD8B048-7A30-4873-8D11-C0A5273E9458}"
EndProject
Project("{2150E333-8FDC-42A3-9474-1A3956D46DE8}") = ".SolutionItems", ".SolutionItems", "{BF6D6C96-3DCE-4162-83AD-606579095B2A}"
	ProjectSection(SolutionItems) = preProject
		.editorconfig = .editorconfig
		.gitattributes = .gitattributes
		.gitignore = .gitignore
		.gitmodules = .gitmodules
		appveyor.yml = appveyor.yml
		LibSass.NET.Tests.runsettings = LibSass.NET.Tests.runsettings
		LICENSE = LICENSE
		README.md = README.md
	EndProjectSection
EndProject
Global
	GlobalSection(SolutionConfigurationPlatforms) = preSolution
		Debug|Any CPU = Debug|Any CPU
		Release|Any CPU = Release|Any CPU
	EndGlobalSection
	GlobalSection(ProjectConfigurationPlatforms) = postSolution
		{4AD8B048-7A30-4873-8D11-C0A5273E9458}.Debug|Any CPU.ActiveCfg = Debug|Any CPU
		{4AD8B048-7A30-4873-8D11-C0A5273E9458}.Debug|Any CPU.Build.0 = Debug|Any CPU
		{4AD8B048-7A30-4873-8D11-C0A5273E9458}.Release|Any CPU.ActiveCfg = Release|Any CPU
		{4AD8B048-7A30-4873-8D11-C0A5273E9458}.Release|Any CPU.Build.0 = Release|Any CPU
	EndGlobalSection
	GlobalSection(SolutionProperties) = preSolution
		HideSolutionNode = FALSE
	EndGlobalSection
	GlobalSection(ExtensibilityGlobals) = postSolution
		SolutionGuid = {7DEAC699-5DEA-40E1-8FA3-F914F802AEC5}
	EndGlobalSection
EndGlobal
